// !$*UTF8*$!
{
	archiveVersion = 1;
	classes = {
	};
	objectVersion = 56;
	objects = {

/* Begin PBXBuildFile section */
		173E4B262A1DFEA40082C3C1 /* TestDynamicApp.swift in Sources */ = {isa = PBXBuildFile; fileRef = 173E4B252A1DFEA40082C3C1 /* TestDynamicApp.swift */; };
		173E4B282A1DFEA40082C3C1 /* ContentView.swift in Sources */ = {isa = PBXBuildFile; fileRef = 173E4B272A1DFEA40082C3C1 /* ContentView.swift */; };
		173E4B2A2A1DFEA60082C3C1 /* Assets.xcassets in Resources */ = {isa = PBXBuildFile; fileRef = 173E4B292A1DFEA60082C3C1 /* Assets.xcassets */; };
		173E4B2D2A1DFEA60082C3C1 /* Preview Assets.xcassets in Resources */ = {isa = PBXBuildFile; fileRef = 173E4B2C2A1DFEA60082C3C1 /* Preview Assets.xcassets */; };
		173E4B342A1DFEDB0082C3C1 /* AppDelegate.swift in Sources */ = {isa = PBXBuildFile; fileRef = 173E4B332A1DFEDB0082C3C1 /* AppDelegate.swift */; };
		173E4B372A1DFF3F0082C3C1 /* FirebaseAnalytics in Frameworks */ = {isa = PBXBuildFile; productRef = 173E4B362A1DFF3F0082C3C1 /* FirebaseAnalytics */; };
		173E4B392A1DFF3F0082C3C1 /* FirebaseCrashlytics in Frameworks */ = {isa = PBXBuildFile; productRef = 173E4B382A1DFF3F0082C3C1 /* FirebaseCrashlytics */; };
		173E4B3B2A1DFF3F0082C3C1 /* FirebaseDynamicLinks in Frameworks */ = {isa = PBXBuildFile; productRef = 173E4B3A2A1DFF3F0082C3C1 /* FirebaseDynamicLinks */; };
		173E4B402A1E01460082C3C1 /* GoogleService-Info.plist in Resources */ = {isa = PBXBuildFile; fileRef = 173E4B3F2A1E01460082C3C1 /* GoogleService-Info.plist */; };
/* End PBXBuildFile section */

/* Begin PBXFileReference section */
		173E4B222A1DFEA40082C3C1 /* test-dynamic.app */ = {isa = PBXFileReference; explicitFileType = wrapper.application; includeInIndex = 0; path = "test-dynamic.app"; sourceTree = BUILT_PRODUCTS_DIR; };
		173E4B252A1DFEA40082C3C1 /* TestDynamicApp.swift */ = {isa = PBXFileReference; lastKnownFileType = sourcecode.swift; path = TestDynamicApp.swift; sourceTree = "<group>"; };
		173E4B272A1DFEA40082C3C1 /* ContentView.swift */ = {isa = PBXFileReference; lastKnownFileType = sourcecode.swift; path = ContentView.swift; sourceTree = "<group>"; };
		173E4B292A1DFEA60082C3C1 /* Assets.xcassets */ = {isa = PBXFileReference; lastKnownFileType = folder.assetcatalog; path = Assets.xcassets; sourceTree = "<group>"; };
		173E4B2C2A1DFEA60082C3C1 /* Preview Assets.xcassets */ = {isa = PBXFileReference; lastKnownFileType = folder.assetcatalog; path = "Preview Assets.xcassets"; sourceTree = "<group>"; };
		173E4B332A1DFEDB0082C3C1 /* AppDelegate.swift */ = {isa = PBXFileReference; lastKnownFileType = sourcecode.swift; path = AppDelegate.swift; sourceTree = "<group>"; };
		173E4B3F2A1E01460082C3C1 /* GoogleService-Info.plist */ = {isa = PBXFileReference; fileEncoding = 4; lastKnownFileType = text.plist.xml; path = "GoogleService-Info.plist"; sourceTree = "<group>"; };
		173E4B412A1E02DC0082C3C1 /* Info.plist */ = {isa = PBXFileReference; lastKnownFileType = text.plist; path = Info.plist; sourceTree = "<group>"; };
/* End PBXFileReference section */

/* Begin PBXFrameworksBuildPhase section */
		173E4B1F2A1DFEA40082C3C1 /* Frameworks */ = {
			isa = PBXFrameworksBuildPhase;
			buildActionMask = 2147483647;
			files = (
				173E4B372A1DFF3F0082C3C1 /* FirebaseAnalytics in Frameworks */,
				173E4B392A1DFF3F0082C3C1 /* FirebaseCrashlytics in Frameworks */,
				173E4B3B2A1DFF3F0082C3C1 /* FirebaseDynamicLinks in Frameworks */,
			);
			runOnlyForDeploymentPostprocessing = 0;
		};
/* End PBXFrameworksBuildPhase section */

/* Begin PBXGroup section */
		173E4B192A1DFEA40082C3C1 = {
			isa = PBXGroup;
			children = (
				173E4B242A1DFEA40082C3C1 /* test-dynamic */,
				173E4B232A1DFEA40082C3C1 /* Products */,
			);
			sourceTree = "<group>";
		};
		173E4B232A1DFEA40082C3C1 /* Products */ = {
			isa = PBXGroup;
			children = (
				173E4B222A1DFEA40082C3C1 /* test-dynamic.app */,
			);
			name = Products;
			sourceTree = "<group>";
		};
		173E4B242A1DFEA40082C3C1 /* test-dynamic */ = {
			isa = PBXGroup;
			children = (
				173E4B412A1E02DC0082C3C1 /* Info.plist */,
				173E4B252A1DFEA40082C3C1 /* TestDynamicApp.swift */,
				173E4B272A1DFEA40082C3C1 /* ContentView.swift */,
				173E4B292A1DFEA60082C3C1 /* Assets.xcassets */,
				173E4B2B2A1DFEA60082C3C1 /* Preview Content */,
				173E4B332A1DFEDB0082C3C1 /* AppDelegate.swift */,
				173E4B3F2A1E01460082C3C1 /* GoogleService-Info.plist */,
			);
			path = "test-dynamic";
			sourceTree = "<group>";
		};
		173E4B2B2A1DFEA60082C3C1 /* Preview Content */ = {
			isa = PBXGroup;
			children = (
				173E4B2C2A1DFEA60082C3C1 /* Preview Assets.xcassets */,
			);
			path = "Preview Content";
			sourceTree = "<group>";
		};
/* End PBXGroup section */

/* Begin PBXNativeTarget section */
		173E4B212A1DFEA40082C3C1 /* test-dynamic */ = {
			isa = PBXNativeTarget;
			buildConfigurationList = 173E4B302A1DFEA60082C3C1 /* Build configuration list for PBXNativeTarget "test-dynamic" */;
			buildPhases = (
				173E4B1E2A1DFEA40082C3C1 /* Sources */,
				173E4B1F2A1DFEA40082C3C1 /* Frameworks */,
				173E4B202A1DFEA40082C3C1 /* Resources */,
				173E4B3C2A1DFFB30082C3C1 /* ShellScript */,
			);
			buildRules = (
			);
			dependencies = (
			);
			name = "test-dynamic";
			packageProductDependencies = (
				173E4B362A1DFF3F0082C3C1 /* FirebaseAnalytics */,
				173E4B382A1DFF3F0082C3C1 /* FirebaseCrashlytics */,
				173E4B3A2A1DFF3F0082C3C1 /* FirebaseDynamicLinks */,
			);
			productName = "test-dynamic";
			productReference = 173E4B222A1DFEA40082C3C1 /* test-dynamic.app */;
			productType = "com.apple.product-type.application";
		};
/* End PBXNativeTarget section */

/* Begin PBXProject section */
		173E4B1A2A1DFEA40082C3C1 /* Project object */ = {
			isa = PBXProject;
			attributes = {
				BuildIndependentTargetsInParallel = 1;
				LastSwiftUpdateCheck = 1410;
				LastUpgradeCheck = 1410;
				TargetAttributes = {
					173E4B212A1DFEA40082C3C1 = {
						CreatedOnToolsVersion = 14.1;
					};
				};
			};
			buildConfigurationList = 173E4B1D2A1DFEA40082C3C1 /* Build configuration list for PBXProject "test-dynamic" */;
			compatibilityVersion = "Xcode 14.0";
			developmentRegion = en;
			hasScannedForEncodings = 0;
			knownRegions = (
				en,
				Base,
			);
			mainGroup = 173E4B192A1DFEA40082C3C1;
			packageReferences = (
				173E4B352A1DFF3F0082C3C1 /* XCRemoteSwiftPackageReference "firebase-ios-sdk" */,
			);
			productRefGroup = 173E4B232A1DFEA40082C3C1 /* Products */;
			projectDirPath = "";
			projectRoot = "";
			targets = (
				173E4B212A1DFEA40082C3C1 /* test-dynamic */,
			);
		};
/* End PBXProject section */

/* Begin PBXResourcesBuildPhase section */
		173E4B202A1DFEA40082C3C1 /* Resources */ = {
			isa = PBXResourcesBuildPhase;
			buildActionMask = 2147483647;
			files = (
				173E4B2D2A1DFEA60082C3C1 /* Preview Assets.xcassets in Resources */,
				173E4B2A2A1DFEA60082C3C1 /* Assets.xcassets in Resources */,
				173E4B402A1E01460082C3C1 /* GoogleService-Info.plist in Resources */,
			);
			runOnlyForDeploymentPostprocessing = 0;
		};
/* End PBXResourcesBuildPhase section */

/* Begin PBXShellScriptBuildPhase section */
		173E4B3C2A1DFFB30082C3C1 /* ShellScript */ = {
			isa = PBXShellScriptBuildPhase;
			buildActionMask = 2147483647;
			files = (
			);
			inputFileListPaths = (
			);
			inputPaths = (
				"${DWARF_DSYM_FOLDER_PATH}/${DWARF_DSYM_FILE_NAME}/Contents/Resources/DWARF/${TARGET_NAME}",
				"$(SRCROOT)/$(BUILT_PRODUCTS_DIR)/$(INFOPLIST_PATH)",
			);
			outputFileListPaths = (
			);
			outputPaths = (
			);
			runOnlyForDeploymentPostprocessing = 0;
			shellPath = /bin/sh;
			shellScript = "# Type a script or drag a script file from your workspace to insert its path.\n\"${BUILD_DIR%/Build/*}/SourcePackages/checkouts/firebase-ios-sdk/Crashlytics/run\"\n";
		};
/* End PBXShellScriptBuildPhase section */

/* Begin PBXSourcesBuildPhase section */
		173E4B1E2A1DFEA40082C3C1 /* Sources */ = {
			isa = PBXSourcesBuildPhase;
			buildActionMask = 2147483647;
			files = (
				173E4B342A1DFEDB0082C3C1 /* AppDelegate.swift in Sources */,
				173E4B282A1DFEA40082C3C1 /* ContentView.swift in Sources */,
				173E4B262A1DFEA40082C3C1 /* TestDynamicApp.swift in Sources */,
			);
			runOnlyForDeploymentPostprocessing = 0;
		};
/* End PBXSourcesBuildPhase section */

/* Begin XCBuildConfiguration section */
		173E4B2E2A1DFEA60082C3C1 /* Debug */ = {
			isa = XCBuildConfiguration;
			buildSettings = {
				ALWAYS_SEARCH_USER_PATHS = NO;
				CLANG_ANALYZER_NONNULL = YES;
				CLANG_ANALYZER_NUMBER_OBJECT_CONVERSION = YES_AGGRESSIVE;
				CLANG_CXX_LANGUAGE_STANDARD = "gnu++20";
				CLANG_ENABLE_MODULES = YES;
				CLANG_ENABLE_OBJC_ARC = YES;
				CLANG_ENABLE_OBJC_WEAK = YES;
				CLANG_WARN_BLOCK_CAPTURE_AUTORELEASING = YES;
				CLANG_WARN_BOOL_CONVERSION = YES;
				CLANG_WARN_COMMA = YES;
				CLANG_WARN_CONSTANT_CONVERSION = YES;
				CLANG_WARN_DEPRECATED_OBJC_IMPLEMENTATIONS = YES;
				CLANG_WARN_DIRECT_OBJC_ISA_USAGE = YES_ERROR;
				CLANG_WARN_DOCUMENTATION_COMMENTS = YES;
				CLANG_WARN_EMPTY_BODY = YES;
				CLANG_WARN_ENUM_CONVERSION = YES;
				CLANG_WARN_INFINITE_RECURSION = YES;
				CLANG_WARN_INT_CONVERSION = YES;
				CLANG_WARN_NON_LITERAL_NULL_CONVERSION = YES;
				CLANG_WARN_OBJC_IMPLICIT_RETAIN_SELF = YES;
				CLANG_WARN_OBJC_LITERAL_CONVERSION = YES;
				CLANG_WARN_OBJC_ROOT_CLASS = YES_ERROR;
				CLANG_WARN_QUOTED_INCLUDE_IN_FRAMEWORK_HEADER = YES;
				CLANG_WARN_RANGE_LOOP_ANALYSIS = YES;
				CLANG_WARN_STRICT_PROTOTYPES = YES;
				CLANG_WARN_SUSPICIOUS_MOVE = YES;
				CLANG_WARN_UNGUARDED_AVAILABILITY = YES_AGGRESSIVE;
				CLANG_WARN_UNREACHABLE_CODE = YES;
				CLANG_WARN__DUPLICATE_METHOD_MATCH = YES;
				COPY_PHASE_STRIP = NO;
				DEBUG_INFORMATION_FORMAT = "dwarf-with-dsym";
				ENABLE_STRICT_OBJC_MSGSEND = YES;
				ENABLE_TESTABILITY = YES;
				GCC_C_LANGUAGE_STANDARD = gnu11;
				GCC_DYNAMIC_NO_PIC = NO;
				GCC_NO_COMMON_BLOCKS = YES;
				GCC_OPTIMIZATION_LEVEL = 0;
				GCC_PREPROCESSOR_DEFINITIONS = (
					"DEBUG=1",
					"$(inherited)",
				);
				GCC_WARN_64_TO_32_BIT_CONVERSION = YES;
				GCC_WARN_ABOUT_RETURN_TYPE = YES_ERROR;
				GCC_WARN_UNDECLARED_SELECTOR = YES;
				GCC_WARN_UNINITIALIZED_AUTOS = YES_AGGRESSIVE;
				GCC_WARN_UNUSED_FUNCTION = YES;
				GCC_WARN_UNUSED_VARIABLE = YES;
				IPHONEOS_DEPLOYMENT_TARGET = 14.0;
				MTL_ENABLE_DEBUG_INFO = INCLUDE_SOURCE;
				MTL_FAST_MATH = YES;
				ONLY_ACTIVE_ARCH = YES;
				SDKROOT = iphoneos;
				SWIFT_ACTIVE_COMPILATION_CONDITIONS = DEBUG;
				SWIFT_OPTIMIZATION_LEVEL = "-Onone";
			};
			name = Debug;
		};
		173E4B2F2A1DFEA60082C3C1 /* Release */ = {
			isa = XCBuildConfiguration;
			buildSettings = {
				ALWAYS_SEARCH_USER_PATHS = NO;
				CLANG_ANALYZER_NONNULL = YES;
				CLANG_ANALYZER_NUMBER_OBJECT_CONVERSION = YES_AGGRESSIVE;
				CLANG_CXX_LANGUAGE_STANDARD = "gnu++20";
				CLANG_ENABLE_MODULES = YES;
				CLANG_ENABLE_OBJC_ARC = YES;
				CLANG_ENABLE_OBJC_WEAK = YES;
				CLANG_WARN_BLOCK_CAPTURE_AUTORELEASING = YES;
				CLANG_WARN_BOOL_CONVERSION = YES;
				CLANG_WARN_COMMA = YES;
				CLANG_WARN_CONSTANT_CONVERSION = YES;
				CLANG_WARN_DEPRECATED_OBJC_IMPLEMENTATIONS = YES;
				CLANG_WARN_DIRECT_OBJC_ISA_USAGE = YES_ERROR;
				CLANG_WARN_DOCUMENTATION_COMMENTS = YES;
				CLANG_WARN_EMPTY_BODY = YES;
				CLANG_WARN_ENUM_CONVERSION = YES;
				CLANG_WARN_INFINITE_RECURSION = YES;
				CLANG_WARN_INT_CONVERSION = YES;
				CLANG_WARN_NON_LITERAL_NULL_CONVERSION = YES;
				CLANG_WARN_OBJC_IMPLICIT_RETAIN_SELF = YES;
				CLANG_WARN_OBJC_LITERAL_CONVERSION = YES;
				CLANG_WARN_OBJC_ROOT_CLASS = YES_ERROR;
				CLANG_WARN_QUOTED_INCLUDE_IN_FRAMEWORK_HEADER = YES;
				CLANG_WARN_RANGE_LOOP_ANALYSIS = YES;
				CLANG_WARN_STRICT_PROTOTYPES = YES;
				CLANG_WARN_SUSPICIOUS_MOVE = YES;
				CLANG_WARN_UNGUARDED_AVAILABILITY = YES_AGGRESSIVE;
				CLANG_WARN_UNREACHABLE_CODE = YES;
				CLANG_WARN__DUPLICATE_METHOD_MATCH = YES;
				COPY_PHASE_STRIP = NO;
				DEBUG_INFORMATION_FORMAT = "dwarf-with-dsym";
				ENABLE_NS_ASSERTIONS = NO;
				ENABLE_STRICT_OBJC_MSGSEND = YES;
				GCC_C_LANGUAGE_STANDARD = gnu11;
				GCC_NO_COMMON_BLOCKS = YES;
				GCC_WARN_64_TO_32_BIT_CONVERSION = YES;
				GCC_WARN_ABOUT_RETURN_TYPE = YES_ERROR;
				GCC_WARN_UNDECLARED_SELECTOR = YES;
				GCC_WARN_UNINITIALIZED_AUTOS = YES_AGGRESSIVE;
				GCC_WARN_UNUSED_FUNCTION = YES;
				GCC_WARN_UNUSED_VARIABLE = YES;
				IPHONEOS_DEPLOYMENT_TARGET = 14.0;
				MTL_ENABLE_DEBUG_INFO = NO;
				MTL_FAST_MATH = YES;
				SDKROOT = iphoneos;
				SWIFT_COMPILATION_MODE = wholemodule;
				SWIFT_OPTIMIZATION_LEVEL = "-O";
				VALIDATE_PRODUCT = YES;
			};
			name = Release;
		};
		173E4B312A1DFEA60082C3C1 /* Debug */ = {
			isa = XCBuildConfiguration;
			buildSettings = {
				ASSETCATALOG_COMPILER_APPICON_NAME = AppIcon;
				ASSETCATALOG_COMPILER_GLOBAL_ACCENT_COLOR_NAME = AccentColor;
				CODE_SIGN_STYLE = Automatic;
				CURRENT_PROJECT_VERSION = 1;
				DEVELOPMENT_ASSET_PATHS = "\"test-dynamic/Preview Content\"";
				DEVELOPMENT_TEAM = QXZ46CMAYG;
				ENABLE_PREVIEWS = YES;
				GENERATE_INFOPLIST_FILE = YES;
				INFOPLIST_FILE = "test-dynamic/Info.plist";
				INFOPLIST_KEY_UIApplicationSceneManifest_Generation = YES;
				INFOPLIST_KEY_UIApplicationSupportsIndirectInputEvents = YES;
				INFOPLIST_KEY_UILaunchScreen_Generation = YES;
				INFOPLIST_KEY_UISupportedInterfaceOrientations_iPad = "UIInterfaceOrientationPortrait UIInterfaceOrientationPortraitUpsideDown UIInterfaceOrientationLandscapeLeft UIInterfaceOrientationLandscapeRight";
				INFOPLIST_KEY_UISupportedInterfaceOrientations_iPhone = "UIInterfaceOrientationPortrait UIInterfaceOrientationLandscapeLeft UIInterfaceOrientationLandscapeRight";
				LD_RUNPATH_SEARCH_PATHS = (
					"$(inherited)",
					"@executable_path/Frameworks",
				);
				MARKETING_VERSION = 1.0;
				PRODUCT_BUNDLE_IDENTIFIER = "jp.yumemi.komiya.test-dynamic";
				PRODUCT_NAME = "$(TARGET_NAME)";
				SWIFT_EMIT_LOC_STRINGS = YES;
				SWIFT_VERSION = 5.0;
				TARGETED_DEVICE_FAMILY = "1,2";
			};
			name = Debug;
		};
		173E4B322A1DFEA60082C3C1 /* Release */ = {
			isa = XCBuildConfiguration;
			buildSettings = {
				ASSETCATALOG_COMPILER_APPICON_NAME = AppIcon;
				ASSETCATALOG_COMPILER_GLOBAL_ACCENT_COLOR_NAME = AccentColor;
				CODE_SIGN_STYLE = Automatic;
				CURRENT_PROJECT_VERSION = 1;
				DEVELOPMENT_ASSET_PATHS = "\"test-dynamic/Preview Content\"";
				DEVELOPMENT_TEAM = QXZ46CMAYG;
				ENABLE_PREVIEWS = YES;
				GENERATE_INFOPLIST_FILE = YES;
				INFOPLIST_FILE = "test-dynamic/Info.plist";
				INFOPLIST_KEY_UIApplicationSceneManifest_Generation = YES;
				INFOPLIST_KEY_UIApplicationSupportsIndirectInputEvents = YES;
				INFOPLIST_KEY_UILaunchScreen_Generation = YES;
				INFOPLIST_KEY_UISupportedInterfaceOrientations_iPad = "UIInterfaceOrientationPortrait UIInterfaceOrientationPortraitUpsideDown UIInterfaceOrientationLandscapeLeft UIInterfaceOrientationLandscapeRight";
				INFOPLIST_KEY_UISupportedInterfaceOrientations_iPhone = "UIInterfaceOrientationPortrait UIInterfaceOrientationLandscapeLeft UIInterfaceOrientationLandscapeRight";
				LD_RUNPATH_SEARCH_PATHS = (
					"$(inherited)",
					"@executable_path/Frameworks",
				);
				MARKETING_VERSION = 1.0;
				PRODUCT_BUNDLE_IDENTIFIER = "jp.yumemi.komiya.test-dynamic";
				PRODUCT_NAME = "$(TARGET_NAME)";
				SWIFT_EMIT_LOC_STRINGS = YES;
				SWIFT_VERSION = 5.0;
				TARGETED_DEVICE_FAMILY = "1,2";
			};
			name = Release;
		};
/* End XCBuildConfiguration section */

/* Begin XCConfigurationList section */
		173E4B1D2A1DFEA40082C3C1 /* Build configuration list for PBXProject "test-dynamic" */ = {
			isa = XCConfigurationList;
			buildConfigurations = (
				173E4B2E2A1DFEA60082C3C1 /* Debug */,
				173E4B2F2A1DFEA60082C3C1 /* Release */,
			);
			defaultConfigurationIsVisible = 0;
			defaultConfigurationName = Release;
		};
		173E4B302A1DFEA60082C3C1 /* Build configuration list for PBXNativeTarget "test-dynamic" */ = {
			isa = XCConfigurationList;
			buildConfigurations = (
				173E4B312A1DFEA60082C3C1 /* Debug */,
				173E4B322A1DFEA60082C3C1 /* Release */,
			);
			defaultConfigurationIsVisible = 0;
			defaultConfigurationName = Release;
		};
/* End XCConfigurationList section */

/* Begin XCRemoteSwiftPackageReference section */
		173E4B352A1DFF3F0082C3C1 /* XCRemoteSwiftPackageReference "firebase-ios-sdk" */ = {
			isa = XCRemoteSwiftPackageReference;
			repositoryURL = "https://github.com/firebase/firebase-ios-sdk.git";
			requirement = {
				kind = upToNextMajorVersion;
				minimumVersion = 10.0.0;
			};
		};
/* End XCRemoteSwiftPackageReference section */

/* Begin XCSwiftPackageProductDependency section */
		173E4B362A1DFF3F0082C3C1 /* FirebaseAnalytics */ = {
			isa = XCSwiftPackageProductDependency;
			package = 173E4B352A1DFF3F0082C3C1 /* XCRemoteSwiftPackageReference "firebase-ios-sdk" */;
			productName = FirebaseAnalytics;
		};
		173E4B382A1DFF3F0082C3C1 /* FirebaseCrashlytics */ = {
			isa = XCSwiftPackageProductDependency;
			package = 173E4B352A1DFF3F0082C3C1 /* XCRemoteSwiftPackageReference "firebase-ios-sdk" */;
			productName = FirebaseCrashlytics;
		};
		173E4B3A2A1DFF3F0082C3C1 /* FirebaseDynamicLinks */ = {
			isa = XCSwiftPackageProductDependency;
			package = 173E4B352A1DFF3F0082C3C1 /* XCRemoteSwiftPackageReference "firebase-ios-sdk" */;
			productName = FirebaseDynamicLinks;
		};
/* End XCSwiftPackageProductDependency section */
	};
	rootObject = 173E4B1A2A1DFEA40082C3C1 /* Project object */;
}
